// !$*UTF8*$!
{
	archiveVersion = 1;
	classes = {
	};
	objectVersion = 50;
	objects = {

/* Begin PBXBuildFile section */
		FA74F4AA228B208200DDF9E4 /* MainCollectionViewCell.m in Sources */ = {isa = PBXBuildFile; fileRef = FA74F4A8228B208200DDF9E4 /* MainCollectionViewCell.m */; };
		FA74F4AB228B208200DDF9E4 /* MainCollectionViewCell.xib in Resources */ = {isa = PBXBuildFile; fileRef = FA74F4A9228B208200DDF9E4 /* MainCollectionViewCell.xib */; };
		FA74F4B3228B263B00DDF9E4 /* CategoryViewController.m in Sources */ = {isa = PBXBuildFile; fileRef = FA74F4B2228B263B00DDF9E4 /* CategoryViewController.m */; };
		FA74F4B8228B274200DDF9E4 /* CategoryTableViewCell.m in Sources */ = {isa = PBXBuildFile; fileRef = FA74F4B6228B274200DDF9E4 /* CategoryTableViewCell.m */; };
		FA74F4B9228B274200DDF9E4 /* CategoryTableViewCell.xib in Resources */ = {isa = PBXBuildFile; fileRef = FA74F4B7228B274200DDF9E4 /* CategoryTableViewCell.xib */; };
		FA74F4C0228B30D300DDF9E4 /* CalendarViewController.m in Sources */ = {isa = PBXBuildFile; fileRef = FA74F4BF228B30D300DDF9E4 /* CalendarViewController.m */; };
		FA98C367228A33C6002D49AF /* AppDelegate.m in Sources */ = {isa = PBXBuildFile; fileRef = FA98C366228A33C6002D49AF /* AppDelegate.m */; };
		FA98C36D228A33C6002D49AF /* Main.storyboard in Resources */ = {isa = PBXBuildFile; fileRef = FA98C36B228A33C6002D49AF /* Main.storyboard */; };
		FA98C36F228A33C8002D49AF /* Assets.xcassets in Resources */ = {isa = PBXBuildFile; fileRef = FA98C36E228A33C8002D49AF /* Assets.xcassets */; };
		FA98C372228A33C8002D49AF /* LaunchScreen.storyboard in Resources */ = {isa = PBXBuildFile; fileRef = FA98C370228A33C8002D49AF /* LaunchScreen.storyboard */; };
		FA98C375228A33C8002D49AF /* main.m in Sources */ = {isa = PBXBuildFile; fileRef = FA98C374228A33C8002D49AF /* main.m */; };
		FA98C37F228A33C9002D49AF /* pro_serviceTests.m in Sources */ = {isa = PBXBuildFile; fileRef = FA98C37E228A33C9002D49AF /* pro_serviceTests.m */; };
		FA98C38A228A33C9002D49AF /* pro_serviceUITests.m in Sources */ = {isa = PBXBuildFile; fileRef = FA98C389228A33C9002D49AF /* pro_serviceUITests.m */; };
		FA98C399228A3436002D49AF /* MainViewController.m in Sources */ = {isa = PBXBuildFile; fileRef = FA98C398228A3436002D49AF /* MainViewController.m */; };
		FA98C39D228A4C1C002D49AF /* MainTableViewCell.m in Sources */ = {isa = PBXBuildFile; fileRef = FA98C39B228A4C1C002D49AF /* MainTableViewCell.m */; };
		FA98C39E228A4C1C002D49AF /* MainTableViewCell.xib in Resources */ = {isa = PBXBuildFile; fileRef = FA98C39C228A4C1C002D49AF /* MainTableViewCell.xib */; };
		FA98C3A2228A4C99002D49AF /* V1Lod920Km4.png in Resources */ = {isa = PBXBuildFile; fileRef = FA98C3A1228A4C99002D49AF /* V1Lod920Km4.png */; };
/* End PBXBuildFile section */

/* Begin PBXContainerItemProxy section */
		FA98C37B228A33C9002D49AF /* PBXContainerItemProxy */ = {
			isa = PBXContainerItemProxy;
			containerPortal = FA98C35A228A33C6002D49AF /* Project object */;
			proxyType = 1;
			remoteGlobalIDString = FA98C361228A33C6002D49AF;
			remoteInfo = "pro-service";
		};
		FA98C386228A33C9002D49AF /* PBXContainerItemProxy */ = {
			isa = PBXContainerItemProxy;
			containerPortal = FA98C35A228A33C6002D49AF /* Project object */;
			proxyType = 1;
			remoteGlobalIDString = FA98C361228A33C6002D49AF;
			remoteInfo = "pro-service";
		};
/* End PBXContainerItemProxy section */

/* Begin PBXFileReference section */
		FA74F4A7228B208200DDF9E4 /* MainCollectionViewCell.h */ = {isa = PBXFileReference; lastKnownFileType = sourcecode.c.h; path = MainCollectionViewCell.h; sourceTree = "<group>"; };
		FA74F4A8228B208200DDF9E4 /* MainCollectionViewCell.m */ = {isa = PBXFileReference; lastKnownFileType = sourcecode.c.objc; path = MainCollectionViewCell.m; sourceTree = "<group>"; };
		FA74F4A9228B208200DDF9E4 /* MainCollectionViewCell.xib */ = {isa = PBXFileReference; lastKnownFileType = file.xib; path = MainCollectionViewCell.xib; sourceTree = "<group>"; };
		FA74F4B1228B263B00DDF9E4 /* CategoryViewController.h */ = {isa = PBXFileReference; lastKnownFileType = sourcecode.c.h; path = CategoryViewController.h; sourceTree = "<group>"; };
		FA74F4B2228B263B00DDF9E4 /* CategoryViewController.m */ = {isa = PBXFileReference; lastKnownFileType = sourcecode.c.objc; path = CategoryViewController.m; sourceTree = "<group>"; };
		FA74F4B5228B274200DDF9E4 /* CategoryTableViewCell.h */ = {isa = PBXFileReference; lastKnownFileType = sourcecode.c.h; path = CategoryTableViewCell.h; sourceTree = "<group>"; };
		FA74F4B6228B274200DDF9E4 /* CategoryTableViewCell.m */ = {isa = PBXFileReference; lastKnownFileType = sourcecode.c.objc; path = CategoryTableViewCell.m; sourceTree = "<group>"; };
		FA74F4B7228B274200DDF9E4 /* CategoryTableViewCell.xib */ = {isa = PBXFileReference; lastKnownFileType = file.xib; path = CategoryTableViewCell.xib; sourceTree = "<group>"; };
		FA74F4BE228B30D300DDF9E4 /* CalendarViewController.h */ = {isa = PBXFileReference; lastKnownFileType = sourcecode.c.h; path = CalendarViewController.h; sourceTree = "<group>"; };
		FA74F4BF228B30D300DDF9E4 /* CalendarViewController.m */ = {isa = PBXFileReference; lastKnownFileType = sourcecode.c.objc; path = CalendarViewController.m; sourceTree = "<group>"; };
		FA98C362228A33C6002D49AF /* pro-service.app */ = {isa = PBXFileReference; explicitFileType = wrapper.application; includeInIndex = 0; path = "pro-service.app"; sourceTree = BUILT_PRODUCTS_DIR; };
		FA98C365228A33C6002D49AF /* AppDelegate.h */ = {isa = PBXFileReference; lastKnownFileType = sourcecode.c.h; path = AppDelegate.h; sourceTree = "<group>"; };
		FA98C366228A33C6002D49AF /* AppDelegate.m */ = {isa = PBXFileReference; lastKnownFileType = sourcecode.c.objc; path = AppDelegate.m; sourceTree = "<group>"; };
		FA98C36C228A33C6002D49AF /* Base */ = {isa = PBXFileReference; lastKnownFileType = file.storyboard; name = Base; path = Base.lproj/Main.storyboard; sourceTree = "<group>"; };
		FA98C36E228A33C8002D49AF /* Assets.xcassets */ = {isa = PBXFileReference; lastKnownFileType = folder.assetcatalog; path = Assets.xcassets; sourceTree = "<group>"; };
		FA98C371228A33C8002D49AF /* Base */ = {isa = PBXFileReference; lastKnownFileType = file.storyboard; name = Base; path = Base.lproj/LaunchScreen.storyboard; sourceTree = "<group>"; };
		FA98C373228A33C8002D49AF /* Info.plist */ = {isa = PBXFileReference; lastKnownFileType = text.plist.xml; path = Info.plist; sourceTree = "<group>"; };
		FA98C374228A33C8002D49AF /* main.m */ = {isa = PBXFileReference; lastKnownFileType = sourcecode.c.objc; path = main.m; sourceTree = "<group>"; };
		FA98C37A228A33C9002D49AF /* pro-serviceTests.xctest */ = {isa = PBXFileReference; explicitFileType = wrapper.cfbundle; includeInIndex = 0; path = "pro-serviceTests.xctest"; sourceTree = BUILT_PRODUCTS_DIR; };
		FA98C37E228A33C9002D49AF /* pro_serviceTests.m */ = {isa = PBXFileReference; lastKnownFileType = sourcecode.c.objc; path = pro_serviceTests.m; sourceTree = "<group>"; };
		FA98C380228A33C9002D49AF /* Info.plist */ = {isa = PBXFileReference; lastKnownFileType = text.plist.xml; path = Info.plist; sourceTree = "<group>"; };
		FA98C385228A33C9002D49AF /* pro-serviceUITests.xctest */ = {isa = PBXFileReference; explicitFileType = wrapper.cfbundle; includeInIndex = 0; path = "pro-serviceUITests.xctest"; sourceTree = BUILT_PRODUCTS_DIR; };
		FA98C389228A33C9002D49AF /* pro_serviceUITests.m */ = {isa = PBXFileReference; lastKnownFileType = sourcecode.c.objc; path = pro_serviceUITests.m; sourceTree = "<group>"; };
		FA98C38B228A33C9002D49AF /* Info.plist */ = {isa = PBXFileReference; lastKnownFileType = text.plist.xml; path = Info.plist; sourceTree = "<group>"; };
		FA98C397228A3436002D49AF /* MainViewController.h */ = {isa = PBXFileReference; lastKnownFileType = sourcecode.c.h; path = MainViewController.h; sourceTree = "<group>"; };
		FA98C398228A3436002D49AF /* MainViewController.m */ = {isa = PBXFileReference; lastKnownFileType = sourcecode.c.objc; path = MainViewController.m; sourceTree = "<group>"; };
		FA98C39A228A4C1C002D49AF /* MainTableViewCell.h */ = {isa = PBXFileReference; lastKnownFileType = sourcecode.c.h; path = MainTableViewCell.h; sourceTree = "<group>"; };
		FA98C39B228A4C1C002D49AF /* MainTableViewCell.m */ = {isa = PBXFileReference; lastKnownFileType = sourcecode.c.objc; path = MainTableViewCell.m; sourceTree = "<group>"; };
		FA98C39C228A4C1C002D49AF /* MainTableViewCell.xib */ = {isa = PBXFileReference; lastKnownFileType = file.xib; path = MainTableViewCell.xib; sourceTree = "<group>"; };
		FA98C3A1228A4C99002D49AF /* V1Lod920Km4.png */ = {isa = PBXFileReference; lastKnownFileType = image.png; name = V1Lod920Km4.png; path = ../../../../../Desktop/V1Lod920Km4.png; sourceTree = "<group>"; };
/* End PBXFileReference section */

/* Begin PBXFrameworksBuildPhase section */
		FA98C35F228A33C6002D49AF /* Frameworks */ = {
			isa = PBXFrameworksBuildPhase;
			buildActionMask = 2147483647;
			files = (
			);
			runOnlyForDeploymentPostprocessing = 0;
		};
		FA98C377228A33C9002D49AF /* Frameworks */ = {
			isa = PBXFrameworksBuildPhase;
			buildActionMask = 2147483647;
			files = (
			);
			runOnlyForDeploymentPostprocessing = 0;
		};
		FA98C382228A33C9002D49AF /* Frameworks */ = {
			isa = PBXFrameworksBuildPhase;
			buildActionMask = 2147483647;
			files = (
			);
			runOnlyForDeploymentPostprocessing = 0;
		};
/* End PBXFrameworksBuildPhase section */

/* Begin PBXGroup section */
		FA74F4AC228B25ED00DDF9E4 /* MainCollectionViewCell */ = {
			isa = PBXGroup;
			children = (
				FA74F4A7228B208200DDF9E4 /* MainCollectionViewCell.h */,
				FA74F4A8228B208200DDF9E4 /* MainCollectionViewCell.m */,
				FA74F4A9228B208200DDF9E4 /* MainCollectionViewCell.xib */,
			);
			path = MainCollectionViewCell;
			sourceTree = "<group>";
		};
		FA74F4AD228B25F900DDF9E4 /* MainTableViewCell */ = {
			isa = PBXGroup;
			children = (
				FA98C39A228A4C1C002D49AF /* MainTableViewCell.h */,
				FA98C39B228A4C1C002D49AF /* MainTableViewCell.m */,
				FA98C39C228A4C1C002D49AF /* MainTableViewCell.xib */,
			);
			path = MainTableViewCell;
			sourceTree = "<group>";
		};
		FA74F4AE228B25FE00DDF9E4 /* View */ = {
			isa = PBXGroup;
			children = (
				FA74F4AC228B25ED00DDF9E4 /* MainCollectionViewCell */,
				FA74F4AD228B25F900DDF9E4 /* MainTableViewCell */,
				FA74F4BA228B274500DDF9E4 /* CategoryTableViewCell */,
			);
			path = View;
			sourceTree = "<group>";
		};
		FA74F4AF228B260500DDF9E4 /* Controller */ = {
			isa = PBXGroup;
			children = (
				FA74F4B0228B261200DDF9E4 /* MainViewController */,
				FA74F4B4228B263F00DDF9E4 /* CategoryViewController */,
				FA74F4C1228B30D700DDF9E4 /* CalendarViewController */,
			);
			path = Controller;
			sourceTree = "<group>";
		};
		FA74F4B0228B261200DDF9E4 /* MainViewController */ = {
			isa = PBXGroup;
			children = (
				FA98C397228A3436002D49AF /* MainViewController.h */,
				FA98C398228A3436002D49AF /* MainViewController.m */,
			);
			path = MainViewController;
			sourceTree = "<group>";
		};
		FA74F4B4228B263F00DDF9E4 /* CategoryViewController */ = {
			isa = PBXGroup;
			children = (
				FA74F4B1228B263B00DDF9E4 /* CategoryViewController.h */,
				FA74F4B2228B263B00DDF9E4 /* CategoryViewController.m */,
			);
			path = CategoryViewController;
			sourceTree = "<group>";
		};
		FA74F4BA228B274500DDF9E4 /* CategoryTableViewCell */ = {
			isa = PBXGroup;
			children = (
				FA74F4B5228B274200DDF9E4 /* CategoryTableViewCell.h */,
				FA74F4B6228B274200DDF9E4 /* CategoryTableViewCell.m */,
				FA74F4B7228B274200DDF9E4 /* CategoryTableViewCell.xib */,
			);
			path = CategoryTableViewCell;
			sourceTree = "<group>";
		};
		FA74F4C1228B30D700DDF9E4 /* CalendarViewController */ = {
			isa = PBXGroup;
			children = (
				FA74F4BE228B30D300DDF9E4 /* CalendarViewController.h */,
				FA74F4BF228B30D300DDF9E4 /* CalendarViewController.m */,
			);
			path = CalendarViewController;
			sourceTree = "<group>";
		};
		FA98C359228A33C6002D49AF = {
			isa = PBXGroup;
			children = (
				FA98C364228A33C6002D49AF /* pro-service */,
				FA98C37D228A33C9002D49AF /* pro-serviceTests */,
				FA98C388228A33C9002D49AF /* pro-serviceUITests */,
				FA98C363228A33C6002D49AF /* Products */,
			);
			sourceTree = "<group>";
		};
		FA98C363228A33C6002D49AF /* Products */ = {
			isa = PBXGroup;
			children = (
				FA98C362228A33C6002D49AF /* pro-service.app */,
				FA98C37A228A33C9002D49AF /* pro-serviceTests.xctest */,
				FA98C385228A33C9002D49AF /* pro-serviceUITests.xctest */,
			);
			name = Products;
			sourceTree = "<group>";
		};
		FA98C364228A33C6002D49AF /* pro-service */ = {
			isa = PBXGroup;
			children = (
				FA98C365228A33C6002D49AF /* AppDelegate.h */,
				FA98C366228A33C6002D49AF /* AppDelegate.m */,
				FA74F4AE228B25FE00DDF9E4 /* View */,
				FA74F4AF228B260500DDF9E4 /* Controller */,
				FA98C36B228A33C6002D49AF /* Main.storyboard */,
				FA98C3A1228A4C99002D49AF /* V1Lod920Km4.png */,
				FA98C36E228A33C8002D49AF /* Assets.xcassets */,
				FA98C370228A33C8002D49AF /* LaunchScreen.storyboard */,
				FA98C373228A33C8002D49AF /* Info.plist */,
				FA98C374228A33C8002D49AF /* main.m */,
			);
			path = "pro-service";
			sourceTree = "<group>";
		};
		FA98C37D228A33C9002D49AF /* pro-serviceTests */ = {
			isa = PBXGroup;
			children = (
				FA98C37E228A33C9002D49AF /* pro_serviceTests.m */,
				FA98C380228A33C9002D49AF /* Info.plist */,
			);
			path = "pro-serviceTests";
			sourceTree = "<group>";
		};
		FA98C388228A33C9002D49AF /* pro-serviceUITests */ = {
			isa = PBXGroup;
			children = (
				FA98C389228A33C9002D49AF /* pro_serviceUITests.m */,
				FA98C38B228A33C9002D49AF /* Info.plist */,
			);
			path = "pro-serviceUITests";
			sourceTree = "<group>";
		};
/* End PBXGroup section */

/* Begin PBXNativeTarget section */
		FA98C361228A33C6002D49AF /* pro-service */ = {
			isa = PBXNativeTarget;
			buildConfigurationList = FA98C38E228A33C9002D49AF /* Build configuration list for PBXNativeTarget "pro-service" */;
			buildPhases = (
				FA98C35E228A33C6002D49AF /* Sources */,
				FA98C35F228A33C6002D49AF /* Frameworks */,
				FA98C360228A33C6002D49AF /* Resources */,
			);
			buildRules = (
			);
			dependencies = (
			);
			name = "pro-service";
			productName = "pro-service";
			productReference = FA98C362228A33C6002D49AF /* pro-service.app */;
			productType = "com.apple.product-type.application";
		};
		FA98C379228A33C9002D49AF /* pro-serviceTests */ = {
			isa = PBXNativeTarget;
			buildConfigurationList = FA98C391228A33C9002D49AF /* Build configuration list for PBXNativeTarget "pro-serviceTests" */;
			buildPhases = (
				FA98C376228A33C9002D49AF /* Sources */,
				FA98C377228A33C9002D49AF /* Frameworks */,
				FA98C378228A33C9002D49AF /* Resources */,
			);
			buildRules = (
			);
			dependencies = (
				FA98C37C228A33C9002D49AF /* PBXTargetDependency */,
			);
			name = "pro-serviceTests";
			productName = "pro-serviceTests";
			productReference = FA98C37A228A33C9002D49AF /* pro-serviceTests.xctest */;
			productType = "com.apple.product-type.bundle.unit-test";
		};
		FA98C384228A33C9002D49AF /* pro-serviceUITests */ = {
			isa = PBXNativeTarget;
			buildConfigurationList = FA98C394228A33C9002D49AF /* Build configuration list for PBXNativeTarget "pro-serviceUITests" */;
			buildPhases = (
				FA98C381228A33C9002D49AF /* Sources */,
				FA98C382228A33C9002D49AF /* Frameworks */,
				FA98C383228A33C9002D49AF /* Resources */,
			);
			buildRules = (
			);
			dependencies = (
				FA98C387228A33C9002D49AF /* PBXTargetDependency */,
			);
			name = "pro-serviceUITests";
			productName = "pro-serviceUITests";
			productReference = FA98C385228A33C9002D49AF /* pro-serviceUITests.xctest */;
			productType = "com.apple.product-type.bundle.ui-testing";
		};
/* End PBXNativeTarget section */

/* Begin PBXProject section */
		FA98C35A228A33C6002D49AF /* Project object */ = {
			isa = PBXProject;
			attributes = {
				LastUpgradeCheck = 1010;
				ORGANIZATIONNAME = "Александр Мишаков";
				TargetAttributes = {
					FA98C361228A33C6002D49AF = {
						CreatedOnToolsVersion = 10.1;
					};
					FA98C379228A33C9002D49AF = {
						CreatedOnToolsVersion = 10.1;
						TestTargetID = FA98C361228A33C6002D49AF;
					};
					FA98C384228A33C9002D49AF = {
						CreatedOnToolsVersion = 10.1;
						TestTargetID = FA98C361228A33C6002D49AF;
					};
				};
			};
			buildConfigurationList = FA98C35D228A33C6002D49AF /* Build configuration list for PBXProject "pro-service" */;
			compatibilityVersion = "Xcode 9.3";
			developmentRegion = en;
			hasScannedForEncodings = 0;
			knownRegions = (
				en,
				Base,
			);
			mainGroup = FA98C359228A33C6002D49AF;
			productRefGroup = FA98C363228A33C6002D49AF /* Products */;
			projectDirPath = "";
			projectRoot = "";
			targets = (
				FA98C361228A33C6002D49AF /* pro-service */,
				FA98C379228A33C9002D49AF /* pro-serviceTests */,
				FA98C384228A33C9002D49AF /* pro-serviceUITests */,
			);
		};
/* End PBXProject section */

/* Begin PBXResourcesBuildPhase section */
		FA98C360228A33C6002D49AF /* Resources */ = {
			isa = PBXResourcesBuildPhase;
			buildActionMask = 2147483647;
			files = (
				FA98C3A2228A4C99002D49AF /* V1Lod920Km4.png in Resources */,
				FA74F4B9228B274200DDF9E4 /* CategoryTableViewCell.xib in Resources */,
				FA74F4AB228B208200DDF9E4 /* MainCollectionViewCell.xib in Resources */,
				FA98C372228A33C8002D49AF /* LaunchScreen.storyboard in Resources */,
				FA98C36F228A33C8002D49AF /* Assets.xcassets in Resources */,
				FA98C39E228A4C1C002D49AF /* MainTableViewCell.xib in Resources */,
				FA98C36D228A33C6002D49AF /* Main.storyboard in Resources */,
			);
			runOnlyForDeploymentPostprocessing = 0;
		};
		FA98C378228A33C9002D49AF /* Resources */ = {
			isa = PBXResourcesBuildPhase;
			buildActionMask = 2147483647;
			files = (
			);
			runOnlyForDeploymentPostprocessing = 0;
		};
		FA98C383228A33C9002D49AF /* Resources */ = {
			isa = PBXResourcesBuildPhase;
			buildActionMask = 2147483647;
			files = (
			);
			runOnlyForDeploymentPostprocessing = 0;
		};
/* End PBXResourcesBuildPhase section */

/* Begin PBXSourcesBuildPhase section */
		FA98C35E228A33C6002D49AF /* Sources */ = {
			isa = PBXSourcesBuildPhase;
			buildActionMask = 2147483647;
			files = (
				FA98C375228A33C8002D49AF /* main.m in Sources */,
				FA98C367228A33C6002D49AF /* AppDelegate.m in Sources */,
				FA74F4AA228B208200DDF9E4 /* MainCollectionViewCell.m in Sources */,
				FA74F4B8228B274200DDF9E4 /* CategoryTableViewCell.m in Sources */,
				FA74F4C0228B30D300DDF9E4 /* CalendarViewController.m in Sources */,
				FA98C39D228A4C1C002D49AF /* MainTableViewCell.m in Sources */,
				FA74F4B3228B263B00DDF9E4 /* CategoryViewController.m in Sources */,
				FA98C399228A3436002D49AF /* MainViewController.m in Sources */,
			);
			runOnlyForDeploymentPostprocessing = 0;
		};
		FA98C376228A33C9002D49AF /* Sources */ = {
			isa = PBXSourcesBuildPhase;
			buildActionMask = 2147483647;
			files = (
				FA98C37F228A33C9002D49AF /* pro_serviceTests.m in Sources */,
			);
			runOnlyForDeploymentPostprocessing = 0;
		};
		FA98C381228A33C9002D49AF /* Sources */ = {
			isa = PBXSourcesBuildPhase;
			buildActionMask = 2147483647;
			files = (
				FA98C38A228A33C9002D49AF /* pro_serviceUITests.m in Sources */,
			);
			runOnlyForDeploymentPostprocessing = 0;
		};
/* End PBXSourcesBuildPhase section */

/* Begin PBXTargetDependency section */
		FA98C37C228A33C9002D49AF /* PBXTargetDependency */ = {
			isa = PBXTargetDependency;
			target = FA98C361228A33C6002D49AF /* pro-service */;
			targetProxy = FA98C37B228A33C9002D49AF /* PBXContainerItemProxy */;
		};
		FA98C387228A33C9002D49AF /* PBXTargetDependency */ = {
			isa = PBXTargetDependency;
			target = FA98C361228A33C6002D49AF /* pro-service */;
			targetProxy = FA98C386228A33C9002D49AF /* PBXContainerItemProxy */;
		};
/* End PBXTargetDependency section */

/* Begin PBXVariantGroup section */
		FA98C36B228A33C6002D49AF /* Main.storyboard */ = {
			isa = PBXVariantGroup;
			children = (
				FA98C36C228A33C6002D49AF /* Base */,
			);
			name = Main.storyboard;
			sourceTree = "<group>";
		};
		FA98C370228A33C8002D49AF /* LaunchScreen.storyboard */ = {
			isa = PBXVariantGroup;
			children = (
				FA98C371228A33C8002D49AF /* Base */,
			);
			name = LaunchScreen.storyboard;
			sourceTree = "<group>";
		};
/* End PBXVariantGroup section */

/* Begin XCBuildConfiguration section */
		FA98C38C228A33C9002D49AF /* Debug */ = {
			isa = XCBuildConfiguration;
			buildSettings = {
				ALWAYS_SEARCH_USER_PATHS = NO;
				CLANG_ANALYZER_NONNULL = YES;
				CLANG_ANALYZER_NUMBER_OBJECT_CONVERSION = YES_AGGRESSIVE;
				CLANG_CXX_LANGUAGE_STANDARD = "gnu++14";
				CLANG_CXX_LIBRARY = "libc++";
				CLANG_ENABLE_MODULES = YES;
				CLANG_ENABLE_OBJC_ARC = YES;
				CLANG_ENABLE_OBJC_WEAK = YES;
				CLANG_WARN_BLOCK_CAPTURE_AUTORELEASING = YES;
				CLANG_WARN_BOOL_CONVERSION = YES;
				CLANG_WARN_COMMA = YES;
				CLANG_WARN_CONSTANT_CONVERSION = YES;
				CLANG_WARN_DEPRECATED_OBJC_IMPLEMENTATIONS = YES;
				CLANG_WARN_DIRECT_OBJC_ISA_USAGE = YES_ERROR;
				CLANG_WARN_DOCUMENTATION_COMMENTS = YES;
				CLANG_WARN_EMPTY_BODY = YES;
				CLANG_WARN_ENUM_CONVERSION = YES;
				CLANG_WARN_INFINITE_RECURSION = YES;
				CLANG_WARN_INT_CONVERSION = YES;
				CLANG_WARN_NON_LITERAL_NULL_CONVERSION = YES;
				CLANG_WARN_OBJC_IMPLICIT_RETAIN_SELF = YES;
				CLANG_WARN_OBJC_LITERAL_CONVERSION = YES;
				CLANG_WARN_OBJC_ROOT_CLASS = YES_ERROR;
				CLANG_WARN_RANGE_LOOP_ANALYSIS = YES;
				CLANG_WARN_STRICT_PROTOTYPES = YES;
				CLANG_WARN_SUSPICIOUS_MOVE = YES;
				CLANG_WARN_UNGUARDED_AVAILABILITY = YES_AGGRESSIVE;
				CLANG_WARN_UNREACHABLE_CODE = YES;
				CLANG_WARN__DUPLICATE_METHOD_MATCH = YES;
				CODE_SIGN_IDENTITY = "iPhone Developer";
				COPY_PHASE_STRIP = NO;
				DEBUG_INFORMATION_FORMAT = dwarf;
				ENABLE_STRICT_OBJC_MSGSEND = YES;
				ENABLE_TESTABILITY = YES;
				GCC_C_LANGUAGE_STANDARD = gnu11;
				GCC_DYNAMIC_NO_PIC = NO;
				GCC_NO_COMMON_BLOCKS = YES;
				GCC_OPTIMIZATION_LEVEL = 0;
				GCC_PREPROCESSOR_DEFINITIONS = (
					"DEBUG=1",
					"$(inherited)",
				);
				GCC_WARN_64_TO_32_BIT_CONVERSION = YES;
				GCC_WARN_ABOUT_RETURN_TYPE = YES_ERROR;
				GCC_WARN_UNDECLARED_SELECTOR = YES;
				GCC_WARN_UNINITIALIZED_AUTOS = YES_AGGRESSIVE;
				GCC_WARN_UNUSED_FUNCTION = YES;
				GCC_WARN_UNUSED_VARIABLE = YES;
				IPHONEOS_DEPLOYMENT_TARGET = 12.1;
				MTL_ENABLE_DEBUG_INFO = INCLUDE_SOURCE;
				MTL_FAST_MATH = YES;
				ONLY_ACTIVE_ARCH = YES;
				SDKROOT = iphoneos;
			};
			name = Debug;
		};
		FA98C38D228A33C9002D49AF /* Release */ = {
			isa = XCBuildConfiguration;
			buildSettings = {
				ALWAYS_SEARCH_USER_PATHS = NO;
				CLANG_ANALYZER_NONNULL = YES;
				CLANG_ANALYZER_NUMBER_OBJECT_CONVERSION = YES_AGGRESSIVE;
				CLANG_CXX_LANGUAGE_STANDARD = "gnu++14";
				CLANG_CXX_LIBRARY = "libc++";
				CLANG_ENABLE_MODULES = YES;
				CLANG_ENABLE_OBJC_ARC = YES;
				CLANG_ENABLE_OBJC_WEAK = YES;
				CLANG_WARN_BLOCK_CAPTURE_AUTORELEASING = YES;
				CLANG_WARN_BOOL_CONVERSION = YES;
				CLANG_WARN_COMMA = YES;
				CLANG_WARN_CONSTANT_CONVERSION = YES;
				CLANG_WARN_DEPRECATED_OBJC_IMPLEMENTATIONS = YES;
				CLANG_WARN_DIRECT_OBJC_ISA_USAGE = YES_ERROR;
				CLANG_WARN_DOCUMENTATION_COMMENTS = YES;
				CLANG_WARN_EMPTY_BODY = YES;
				CLANG_WARN_ENUM_CONVERSION = YES;
				CLANG_WARN_INFINITE_RECURSION = YES;
				CLANG_WARN_INT_CONVERSION = YES;
				CLANG_WARN_NON_LITERAL_NULL_CONVERSION = YES;
				CLANG_WARN_OBJC_IMPLICIT_RETAIN_SELF = YES;
				CLANG_WARN_OBJC_LITERAL_CONVERSION = YES;
				CLANG_WARN_OBJC_ROOT_CLASS = YES_ERROR;
				CLANG_WARN_RANGE_LOOP_ANALYSIS = YES;
				CLANG_WARN_STRICT_PROTOTYPES = YES;
				CLANG_WARN_SUSPICIOUS_MOVE = YES;
				CLANG_WARN_UNGUARDED_AVAILABILITY = YES_AGGRESSIVE;
				CLANG_WARN_UNREACHABLE_CODE = YES;
				CLANG_WARN__DUPLICATE_METHOD_MATCH = YES;
				CODE_SIGN_IDENTITY = "iPhone Developer";
				COPY_PHASE_STRIP = NO;
				DEBUG_INFORMATION_FORMAT = "dwarf-with-dsym";
				ENABLE_NS_ASSERTIONS = NO;
				ENABLE_STRICT_OBJC_MSGSEND = YES;
				GCC_C_LANGUAGE_STANDARD = gnu11;
				GCC_NO_COMMON_BLOCKS = YES;
				GCC_WARN_64_TO_32_BIT_CONVERSION = YES;
				GCC_WARN_ABOUT_RETURN_TYPE = YES_ERROR;
				GCC_WARN_UNDECLARED_SELECTOR = YES;
				GCC_WARN_UNINITIALIZED_AUTOS = YES_AGGRESSIVE;
				GCC_WARN_UNUSED_FUNCTION = YES;
				GCC_WARN_UNUSED_VARIABLE = YES;
				IPHONEOS_DEPLOYMENT_TARGET = 12.1;
				MTL_ENABLE_DEBUG_INFO = NO;
				MTL_FAST_MATH = YES;
				SDKROOT = iphoneos;
				VALIDATE_PRODUCT = YES;
			};
			name = Release;
		};
		FA98C38F228A33C9002D49AF /* Debug */ = {
			isa = XCBuildConfiguration;
			buildSettings = {
				ASSETCATALOG_COMPILER_APPICON_NAME = AppIcon;
				CODE_SIGN_STYLE = Automatic;
				DEVELOPMENT_TEAM = NF5Y2R3TMJ;
				INFOPLIST_FILE = "pro-service/Info.plist";
				LD_RUNPATH_SEARCH_PATHS = (
					"$(inherited)",
					"@executable_path/Frameworks",
				);
				PRODUCT_BUNDLE_IDENTIFIER = "com.ab.pro-service";
				PRODUCT_NAME = "$(TARGET_NAME)";
				TARGETED_DEVICE_FAMILY = "1,2";
			};
			name = Debug;
		};
		FA98C390228A33C9002D49AF /* Release */ = {
			isa = XCBuildConfiguration;
			buildSettings = {
				ASSETCATALOG_COMPILER_APPICON_NAME = AppIcon;
				CODE_SIGN_STYLE = Automatic;
				DEVELOPMENT_TEAM = NF5Y2R3TMJ;
				INFOPLIST_FILE = "pro-service/Info.plist";
				LD_RUNPATH_SEARCH_PATHS = (
					"$(inherited)",
					"@executable_path/Frameworks",
				);
				PRODUCT_BUNDLE_IDENTIFIER = "com.ab.pro-service";
				PRODUCT_NAME = "$(TARGET_NAME)";
				TARGETED_DEVICE_FAMILY = "1,2";
			};
			name = Release;
		};
		FA98C392228A33C9002D49AF /* Debug */ = {
			isa = XCBuildConfiguration;
			buildSettings = {
				BUNDLE_LOADER = "$(TEST_HOST)";
				CODE_SIGN_STYLE = Automatic;
				DEVELOPMENT_TEAM = 5WY752BKP8;
				INFOPLIST_FILE = "pro-serviceTests/Info.plist";
				LD_RUNPATH_SEARCH_PATHS = (
					"$(inherited)",
					"@executable_path/Frameworks",
					"@loader_path/Frameworks",
				);
				PRODUCT_BUNDLE_IDENTIFIER = "com.ab.pro-serviceTests";
				PRODUCT_NAME = "$(TARGET_NAME)";
				TARGETED_DEVICE_FAMILY = "1,2";
				TEST_HOST = "$(BUILT_PRODUCTS_DIR)/pro-service.app/pro-service";
			};
			name = Debug;
		};
		FA98C393228A33C9002D49AF /* Release */ = {
			isa = XCBuildConfiguration;
			buildSettings = {
				BUNDLE_LOADER = "$(TEST_HOST)";
				CODE_SIGN_STYLE = Automatic;
				DEVELOPMENT_TEAM = 5WY752BKP8;
				INFOPLIST_FILE = "pro-serviceTests/Info.plist";
				LD_RUNPATH_SEARCH_PATHS = (
					"$(inherited)",
					"@executable_path/Frameworks",
					"@loader_path/Frameworks",
				);
				PRODUCT_BUNDLE_IDENTIFIER = "com.ab.pro-serviceTests";
				PRODUCT_NAME = "$(TARGET_NAME)";
				TARGETED_DEVICE_FAMILY = "1,2";
				TEST_HOST = "$(BUILT_PRODUCTS_DIR)/pro-service.app/pro-service";
			};
			name = Release;
		};
		FA98C395228A33C9002D49AF /* Debug */ = {
			isa = XCBuildConfiguration;
			buildSettings = {
				CODE_SIGN_STYLE = Automatic;
				DEVELOPMENT_TEAM = 5WY752BKP8;
				INFOPLIST_FILE = "pro-serviceUITests/Info.plist";
				LD_RUNPATH_SEARCH_PATHS = (
					"$(inherited)",
					"@executable_path/Frameworks",
					"@loader_path/Frameworks",
				);
				PRODUCT_BUNDLE_IDENTIFIER = "com.ab.pro-serviceUITests";
				PRODUCT_NAME = "$(TARGET_NAME)";
				TARGETED_DEVICE_FAMILY = "1,2";
				TEST_TARGET_NAME = "pro-service";
			};
			name = Debug;
		};
		FA98C396228A33C9002D49AF /* Release */ = {
			isa = XCBuildConfiguration;
			buildSettings = {
				CODE_SIGN_STYLE = Automatic;
				DEVELOPMENT_TEAM = 5WY752BKP8;
				INFOPLIST_FILE = "pro-serviceUITests/Info.plist";
				LD_RUNPATH_SEARCH_PATHS = (
					"$(inherited)",
					"@executable_path/Frameworks",
					"@loader_path/Frameworks",
				);
				PRODUCT_BUNDLE_IDENTIFIER = "com.ab.pro-serviceUITests";
				PRODUCT_NAME = "$(TARGET_NAME)";
				TARGETED_DEVICE_FAMILY = "1,2";
				TEST_TARGET_NAME = "pro-service";
			};
			name = Release;
		};
/* End XCBuildConfiguration section */

/* Begin XCConfigurationList section */
		FA98C35D228A33C6002D49AF /* Build configuration list for PBXProject "pro-service" */ = {
			isa = XCConfigurationList;
			buildConfigurations = (
				FA98C38C228A33C9002D49AF /* Debug */,
				FA98C38D228A33C9002D49AF /* Release */,
			);
			defaultConfigurationIsVisible = 0;
			defaultConfigurationName = Release;
		};
		FA98C38E228A33C9002D49AF /* Build configuration list for PBXNativeTarget "pro-service" */ = {
			isa = XCConfigurationList;
			buildConfigurations = (
				FA98C38F228A33C9002D49AF /* Debug */,
				FA98C390228A33C9002D49AF /* Release */,
			);
			defaultConfigurationIsVisible = 0;
			defaultConfigurationName = Release;
		};
		FA98C391228A33C9002D49AF /* Build configuration list for PBXNativeTarget "pro-serviceTests" */ = {
			isa = XCConfigurationList;
			buildConfigurations = (
				FA98C392228A33C9002D49AF /* Debug */,
				FA98C393228A33C9002D49AF /* Release */,
			);
			defaultConfigurationIsVisible = 0;
			defaultConfigurationName = Release;
		};
		FA98C394228A33C9002D49AF /* Build configuration list for PBXNativeTarget "pro-serviceUITests" */ = {
			isa = XCConfigurationList;
			buildConfigurations = (
				FA98C395228A33C9002D49AF /* Debug */,
				FA98C396228A33C9002D49AF /* Release */,
			);
			defaultConfigurationIsVisible = 0;
			defaultConfigurationName = Release;
		};
/* End XCConfigurationList section */
	};
	rootObject = FA98C35A228A33C6002D49AF /* Project object */;
}
